
Microsoft Visual Studio Solution File, Format Version 12.00
# Visual Studio 15
Project("{FAE04EC0-301F-11D3-BF4B-00C04F79EFBC}") = "AppInsightTest", "AppInsightTest\AppInsightTest.csproj", "{97148023-480A-46DF-A63C-86D9E3C44CC9}"
EndProject
Global
	GlobalSection(SolutionConfigurationPlatforms) = preSolution
		Debug|Any CPU = Debug|Any CPU
		Release|Any CPU = Release|Any CPU
	EndGlobalSection
	GlobalSection(ProjectConfigurationPlatforms) = postSolution
		{97148023-480A-46DF-A63C-86D9E3C44CC9}.Debug|Any CPU.ActiveCfg = Debug|Any CPU
		{97148023-480A-46DF-A63C-86D9E3C44CC9}.Debug|Any CPU.Build.0 = Debug|Any CPU
		{97148023-480A-46DF-A63C-86D9E3C44CC9}.Release|Any CPU.ActiveCfg = Release|Any CPU
		{97148023-480A-46DF-A63C-86D9E3C44CC9}.Release|Any CPU.Build.0 = Release|Any CPU
	EndGlobalSection
EndGlobal
